
Microsoft Visual Studio Solution File, Format Version 12.00
# Visual Studio 15
VisualStudioVersion = 15.0.28307.1321
MinimumVisualStudioVersion = 10.0.40219.1
Project("{FAE04EC0-301F-11D3-BF4B-00C04F79EFBC}") = "Test旺宏", "Test旺宏\Test旺宏.csproj", "{12FC2260-7E8D-44D3-8142-AF3EFC1BA6F5}"
EndProject
Global
	GlobalSection(SolutionConfigurationPlatforms) = preSolution
		Debug|Any CPU = Debug|Any CPU
		Release|Any CPU = Release|Any CPU
	EndGlobalSection
	GlobalSection(ProjectConfigurationPlatforms) = postSolution
		{12FC2260-7E8D-44D3-8142-AF3EFC1BA6F5}.Debug|Any CPU.ActiveCfg = Debug|Any CPU
		{12FC2260-7E8D-44D3-8142-AF3EFC1BA6F5}.Debug|Any CPU.Build.0 = Debug|Any CPU
		{12FC2260-7E8D-44D3-8142-AF3EFC1BA6F5}.Release|Any CPU.ActiveCfg = Release|Any CPU
		{12FC2260-7E8D-44D3-8142-AF3EFC1BA6F5}.Release|Any CPU.Build.0 = Release|Any CPU
	EndGlobalSection
	GlobalSection(SolutionProperties) = preSolution
		HideSolutionNode = FALSE
	EndGlobalSection
	GlobalSection(ExtensibilityGlobals) = postSolution
		SolutionGuid = {0B6CA356-C180-4ECB-9B6A-12AED47188E2}
	EndGlobalSection
EndGlobal
